
Microsoft Visual Studio Solution File, Format Version 10.00
# Visual C# Express 2008
Project("{FAE04EC0-301F-11D3-BF4B-00C04F79EFBC}") = "condicion while del 1 al 100", "condicion while del 1 al 100\condicion while del 1 al 100.csproj", "{4C4B6BC5-CA0A-48CB-88D2-6F32583540CA}"
EndProject
Global
	GlobalSection(SolutionConfigurationPlatforms) = preSolution
		Debug|Any CPU = Debug|Any CPU
		Release|Any CPU = Release|Any CPU
	EndGlobalSection
	GlobalSection(ProjectConfigurationPlatforms) = postSolution
		{4C4B6BC5-CA0A-48CB-88D2-6F32583540CA}.Debug|Any CPU.ActiveCfg = Debug|Any CPU
		{4C4B6BC5-CA0A-48CB-88D2-6F32583540CA}.Debug|Any CPU.Build.0 = Debug|Any CPU
		{4C4B6BC5-CA0A-48CB-88D2-6F32583540CA}.Release|Any CPU.ActiveCfg = Release|Any CPU
		{4C4B6BC5-CA0A-48CB-88D2-6F32583540CA}.Release|Any CPU.Build.0 = Release|Any CPU
	EndGlobalSection
	GlobalSection(SolutionProperties) = preSolution
		HideSolutionNode = FALSE
	EndGlobalSection
EndGlobal
